schema: '2.0'
stages:
  train:
    cmd: py src/train.py
    deps:
    - path: data/Iris.csv
      hash: md5
      md5: 3aefa8fb998aace52fe3d8411dfbfc63
      size: 5291
    - path: src/train.py
      hash: md5
      md5: 0fde432aae906ab44a9263c1bba9b121
      size: 1518
    params:
      params.yaml:
        train.n_estimators: 300
        train.random_state: 42
        train.test_size: 0.2
    outs:
    - path: models/random_forest.pkl
      hash: md5
      md5: 835c35ee601e3b840b3efb5caa4691ef
      size: 499889
    - path: results/metrics.json
      hash: md5
      md5: 971f68bfb5b82d4ffb840c5ec68f155b
      size: 40
